
Microsoft Visual Studio Solution File, Format Version 12.00
# Visual Studio Version 16
VisualStudioVersion = 25.0.1705.7
MinimumVisualStudioVersion = 10.0.40219.1
Project("{FAE04EC0-301F-11D3-BF4B-00C04F79EFBC}") = "DictionariesLesson", "DictionariesLesson.csproj", "{BD99280C-C251-423B-816C-AAA7BD676595}"
EndProject
Global
	GlobalSection(SolutionConfigurationPlatforms) = preSolution
		Debug|Any CPU = Debug|Any CPU
		Release|Any CPU = Release|Any CPU
	EndGlobalSection
	GlobalSection(ProjectConfigurationPlatforms) = postSolution
		{BD99280C-C251-423B-816C-AAA7BD676595}.Debug|Any CPU.ActiveCfg = Debug|Any CPU
		{BD99280C-C251-423B-816C-AAA7BD676595}.Debug|Any CPU.Build.0 = Debug|Any CPU
		{BD99280C-C251-423B-816C-AAA7BD676595}.Release|Any CPU.ActiveCfg = Release|Any CPU
		{BD99280C-C251-423B-816C-AAA7BD676595}.Release|Any CPU.Build.0 = Release|Any CPU
	EndGlobalSection
	GlobalSection(SolutionProperties) = preSolution
		HideSolutionNode = FALSE
	EndGlobalSection
	GlobalSection(ExtensibilityGlobals) = postSolution
		SolutionGuid = {042D83E6-FE5A-4F07-BDC0-846B8549542A}
	EndGlobalSection
EndGlobal
